
Microsoft Visual Studio Solution File, Format Version 12.00
# Visual Studio 15
VisualStudioVersion = 15.0.28010.2036
MinimumVisualStudioVersion = 10.0.40219.1
Project("{FAE04EC0-301F-11D3-BF4B-00C04F79EFBC}") = "CompetencyProgramWebApi", "CompetencyProgramWebApi\CompetencyProgramWebApi.csproj", "{62B34D64-D29B-4669-A3BE-AE93AD654507}"
EndProject
Global
	GlobalSection(SolutionConfigurationPlatforms) = preSolution
		Debug|Any CPU = Debug|Any CPU
		Release|Any CPU = Release|Any CPU
	EndGlobalSection
	GlobalSection(ProjectConfigurationPlatforms) = postSolution
		{62B34D64-D29B-4669-A3BE-AE93AD654507}.Debug|Any CPU.ActiveCfg = Debug|Any CPU
		{62B34D64-D29B-4669-A3BE-AE93AD654507}.Debug|Any CPU.Build.0 = Debug|Any CPU
		{62B34D64-D29B-4669-A3BE-AE93AD654507}.Release|Any CPU.ActiveCfg = Release|Any CPU
		{62B34D64-D29B-4669-A3BE-AE93AD654507}.Release|Any CPU.Build.0 = Release|Any CPU
	EndGlobalSection
	GlobalSection(SolutionProperties) = preSolution
		HideSolutionNode = FALSE
	EndGlobalSection
	GlobalSection(ExtensibilityGlobals) = postSolution
		SolutionGuid = {9F726827-3B90-4555-A2DB-956C36D4F7F1}
	EndGlobalSection
EndGlobal
